github.com/alrusov/config v0.1.43 h1:2TBaXywyCvCRgOSTSeCSptQAdHYE2UMT90v9fYgxYak=
github.com/alrusov/config v0.1.43/go.mod h1:xeDW6Dnr1Z0473sBXjdxrDWHFOcLBkFomCLfQDEs2HA=
github.com/alrusov/jsonw v0.1.1 h1:fApyxCLUXpMxCLGw7S4vCBmfXWALuX+eU4lGxmxWXMs=
github.com/alrusov/log v0.1.30 h1:TEJ0tbPSWgKF4GYygzYpIAbjOZdXlInKgjOydb1C6Bs=
github.com/alrusov/log v0.1.30/go.mod h1:SPRqeXCHwCnFs+qE85d576Lrkeyf1FbwdY1Fkt4UpZE=
github.com/alrusov/misc v0.1.34/go.mod h1:wq7jkLgy8u0ogF2EyY1Goes9GftiRcK4w1wH1vM9JFc=
github.com/alrusov/misc v0.1.39/go.mod h1:9n/TPhEOs7n3zEKP8R/TK0TIOJGISHOJe5KwKqsCsgg=
github.com/alrusov/misc v0.1.49 h1:kk3js0np7tGXYytErildFKS5FEyBwxIaHJsCpSXKXWs=
github.com/alrusov/misc v0.1.49/go.mod h1:kb9wxXT9lZpuQ+72uRHs3iqnMiTD3NP9wfV+jeOxHoE=
github.com/alrusov/panic v0.1.13 h1:deY9lE2bUwSS1Py4eg97oRk9d+mrOZmMowKB1hPQBrs=
github.com/alrusov/panic v0.1.13/go.mod h1:zwS3WCJcw2e8x/A0d1UR7GQeZsoQ+OQ7Cf5x5UQSel8=
github.com/confluentinc/confluent-kafka-go v1.8.2 h1:PBdbvYpyOdFLehj8j+9ba7FL4c4Moxn79gy9cYKxG5E=
github.com/confluentinc/confluent-kafka-go v1.8.2/go.mod h1:u2zNLny2xq+5rWeTQjFHbDzzNuba4P1vo31r9r4uAdg=
github.com/json-iterator/go v1.1.10 h1:Kz6Cvnvv2wGdaG/V8yMvfkmNiXq9Ya2KUv4rouJJr68=
github.com/kylelemons/godebug v1.1.0 h1:RPNrshWIDI6G2gRW9EHilWtl7Z6Sb1BR0xunSBf0SNc=
github.com/modern-go/concurrent v0.0.0-20180228061459-e0a39a4cb421 h1:ZqeYNhU3OHLH3mGKHDcjJRFFRrJa6eAM5H+CtDdOsPc=
github.com/modern-go/reflect2 v0.0.0-20180701023420-4b7aa43c6742 h1:Esafd1046DLDQ0W1YjYsBW+p8U2u7vzgW2SQVmlNazg=
github.com/naoina/go-stringutil v0.1.0 h1:rCUeRUHjBjGTSHl0VC00jUPLz8/F9dDzYI70Hzifhks=
github.com/naoina/go-stringutil v0.1.0/go.mod h1:XJ2SJL9jCtBh+P9q5btrd/Ylo8XwT/h1USek5+NqSA0=
github.com/naoina/toml v0.1.1 h1:PT/lllxVVN0gzzSqSlHEmP8MJB4MY2U7STGxiouV4X8=
github.com/naoina/toml v0.1.1/go.mod h1:NBIhNtsFMo3G2szEBne+bO4gS192HuIYRqfvOWb4i1E=
