github.com/alrusov/config v0.1.46 h1:hpAzuFkEYYkZBQS9bKlEBtgNEQavgscCboeI/wqBSow=
github.com/alrusov/config v0.1.46/go.mod h1:smet+ptoCR2Rz2TvDYzaFz8iebjv7ScYD5Ac81XdVR4=
github.com/alrusov/jsonw v0.1.1 h1:fApyxCLUXpMxCLGw7S4vCBmfXWALuX+eU4lGxmxWXMs=
github.com/alrusov/log v0.1.31 h1:RKg1UKVAMVJ9d+pQLDYEYDYeXdAM30dFCc+0lk4w7EQ=
github.com/alrusov/log v0.1.31/go.mod h1:oQh1gXfxlDfI+MWAigQQzCu/O9wv6mM59JXqWfj5mMc=
github.com/alrusov/misc v0.1.45/go.mod h1:9n/TPhEOs7n3zEKP8R/TK0TIOJGISHOJe5KwKqsCsgg=
github.com/alrusov/misc v0.1.54 h1:oxBdS1mUNz5kkcK2J0eWzmw53K2GW/Y45TJJQg86O9E=
github.com/alrusov/misc v0.1.54/go.mod h1:kb9wxXT9lZpuQ+72uRHs3iqnMiTD3NP9wfV+jeOxHoE=
github.com/alrusov/panic v0.1.14 h1:h3DU1GVIp1ab3PPMAOweyWMPILWyLR8EZnjPIx9SUfo=
github.com/alrusov/panic v0.1.14/go.mod h1:ALoONDJK6XEbMvLnsenCkVSF1LXQ/gjU7uXi0JX7bak=
github.com/confluentinc/confluent-kafka-go v1.8.2 h1:PBdbvYpyOdFLehj8j+9ba7FL4c4Moxn79gy9cYKxG5E=
github.com/confluentinc/confluent-kafka-go v1.8.2/go.mod h1:u2zNLny2xq+5rWeTQjFHbDzzNuba4P1vo31r9r4uAdg=
github.com/json-iterator/go v1.1.10 h1:Kz6Cvnvv2wGdaG/V8yMvfkmNiXq9Ya2KUv4rouJJr68=
github.com/kylelemons/godebug v1.1.0 h1:RPNrshWIDI6G2gRW9EHilWtl7Z6Sb1BR0xunSBf0SNc=
github.com/modern-go/concurrent v0.0.0-20180228061459-e0a39a4cb421 h1:ZqeYNhU3OHLH3mGKHDcjJRFFRrJa6eAM5H+CtDdOsPc=
github.com/modern-go/reflect2 v0.0.0-20180701023420-4b7aa43c6742 h1:Esafd1046DLDQ0W1YjYsBW+p8U2u7vzgW2SQVmlNazg=
github.com/naoina/go-stringutil v0.1.0 h1:rCUeRUHjBjGTSHl0VC00jUPLz8/F9dDzYI70Hzifhks=
github.com/naoina/go-stringutil v0.1.0/go.mod h1:XJ2SJL9jCtBh+P9q5btrd/Ylo8XwT/h1USek5+NqSA0=
github.com/naoina/toml v0.1.1 h1:PT/lllxVVN0gzzSqSlHEmP8MJB4MY2U7STGxiouV4X8=
github.com/naoina/toml v0.1.1/go.mod h1:NBIhNtsFMo3G2szEBne+bO4gS192HuIYRqfvOWb4i1E=
